
Microsoft Visual Studio Solution File, Format Version 12.00
# Visual Studio Version 17
VisualStudioVersion = 17.13.35806.99
MinimumVisualStudioVersion = 10.0.40219.1
Project("{FAE04EC0-301F-11D3-BF4B-00C04F79EFBC}") = "ICA08.Net", "ADO.Net\ICA08.Net.csproj", "{6B7A7D21-26D6-D0B5-139D-6E5B4D91AB5D}"
EndProject
Global
	GlobalSection(SolutionConfigurationPlatforms) = preSolution
		Debug|Any CPU = Debug|Any CPU
		Release|Any CPU = Release|Any CPU
	EndGlobalSection
	GlobalSection(ProjectConfigurationPlatforms) = postSolution
		{6B7A7D21-26D6-D0B5-139D-6E5B4D91AB5D}.Debug|Any CPU.ActiveCfg = Debug|Any CPU
		{6B7A7D21-26D6-D0B5-139D-6E5B4D91AB5D}.Debug|Any CPU.Build.0 = Debug|Any CPU
		{6B7A7D21-26D6-D0B5-139D-6E5B4D91AB5D}.Release|Any CPU.ActiveCfg = Release|Any CPU
		{6B7A7D21-26D6-D0B5-139D-6E5B4D91AB5D}.Release|Any CPU.Build.0 = Release|Any CPU
	EndGlobalSection
	GlobalSection(SolutionProperties) = preSolution
		HideSolutionNode = FALSE
	EndGlobalSection
	GlobalSection(ExtensibilityGlobals) = postSolution
		SolutionGuid = {A9DF529F-3D41-448A-818F-58A56A5DE58C}
	EndGlobalSection
EndGlobal
